
Microsoft Visual Studio Solution File, Format Version 12.00
# Visual Studio Version 17
VisualStudioVersion = 17.8.34309.116
MinimumVisualStudioVersion = 10.0.40219.1
Project("{FAE04EC0-301F-11D3-BF4B-00C04F79EFBC}") = "ExpenseTracker.DataAccess", "ExpenseTracker.DataAccess\ExpenseTracker.DataAccess.csproj", "{A1CBCF6B-44BC-4E82-92E6-F900A446572D}"
EndProject
Project("{FAE04EC0-301F-11D3-BF4B-00C04F79EFBC}") = "ExpenseTracker.Core", "ExpenseTracker.Core\ExpenseTracker.Core.csproj", "{63D72049-5FB4-4946-A66C-8EFA007F105A}"
EndProject
Project("{FAE04EC0-301F-11D3-BF4B-00C04F79EFBC}") = "ExpenseTracker.Models", "ExpenseTracker.Models\ExpenseTracker.Models.csproj", "{C9205707-914F-4B34-B698-CA9666EEA220}"
EndProject
Project("{FAE04EC0-301F-11D3-BF4B-00C04F79EFBC}") = "ExpenseTracker.StaticUtility", "ExpenseTracker.StaticUtility\ExpenseTracker.StaticUtility.csproj", "{B7D08CA8-FFB7-4764-A6AD-989BC38F79C0}"
EndProject
Project("{FAE04EC0-301F-11D3-BF4B-00C04F79EFBC}") = "ExpenseTracker.API", "ExpenseTracker.API\ExpenseTracker.API.csproj", "{6823C158-A5D4-49EA-B715-A7ED0A94E88E}"
EndProject
Global
	GlobalSection(SolutionConfigurationPlatforms) = preSolution
		Debug|Any CPU = Debug|Any CPU
		Release|Any CPU = Release|Any CPU
	EndGlobalSection
	GlobalSection(ProjectConfigurationPlatforms) = postSolution
		{A1CBCF6B-44BC-4E82-92E6-F900A446572D}.Debug|Any CPU.ActiveCfg = Debug|Any CPU
		{A1CBCF6B-44BC-4E82-92E6-F900A446572D}.Debug|Any CPU.Build.0 = Debug|Any CPU
		{A1CBCF6B-44BC-4E82-92E6-F900A446572D}.Release|Any CPU.ActiveCfg = Release|Any CPU
		{A1CBCF6B-44BC-4E82-92E6-F900A446572D}.Release|Any CPU.Build.0 = Release|Any CPU
		{63D72049-5FB4-4946-A66C-8EFA007F105A}.Debug|Any CPU.ActiveCfg = Debug|Any CPU
		{63D72049-5FB4-4946-A66C-8EFA007F105A}.Debug|Any CPU.Build.0 = Debug|Any CPU
		{63D72049-5FB4-4946-A66C-8EFA007F105A}.Release|Any CPU.ActiveCfg = Release|Any CPU
		{63D72049-5FB4-4946-A66C-8EFA007F105A}.Release|Any CPU.Build.0 = Release|Any CPU
		{C9205707-914F-4B34-B698-CA9666EEA220}.Debug|Any CPU.ActiveCfg = Debug|Any CPU
		{C9205707-914F-4B34-B698-CA9666EEA220}.Debug|Any CPU.Build.0 = Debug|Any CPU
		{C9205707-914F-4B34-B698-CA9666EEA220}.Release|Any CPU.ActiveCfg = Release|Any CPU
		{C9205707-914F-4B34-B698-CA9666EEA220}.Release|Any CPU.Build.0 = Release|Any CPU
		{B7D08CA8-FFB7-4764-A6AD-989BC38F79C0}.Debug|Any CPU.ActiveCfg = Debug|Any CPU
		{B7D08CA8-FFB7-4764-A6AD-989BC38F79C0}.Debug|Any CPU.Build.0 = Debug|Any CPU
		{B7D08CA8-FFB7-4764-A6AD-989BC38F79C0}.Release|Any CPU.ActiveCfg = Release|Any CPU
		{B7D08CA8-FFB7-4764-A6AD-989BC38F79C0}.Release|Any CPU.Build.0 = Release|Any CPU
		{6823C158-A5D4-49EA-B715-A7ED0A94E88E}.Debug|Any CPU.ActiveCfg = Debug|Any CPU
		{6823C158-A5D4-49EA-B715-A7ED0A94E88E}.Debug|Any CPU.Build.0 = Debug|Any CPU
		{6823C158-A5D4-49EA-B715-A7ED0A94E88E}.Release|Any CPU.ActiveCfg = Release|Any CPU
		{6823C158-A5D4-49EA-B715-A7ED0A94E88E}.Release|Any CPU.Build.0 = Release|Any CPU
	EndGlobalSection
	GlobalSection(SolutionProperties) = preSolution
		HideSolutionNode = FALSE
	EndGlobalSection
	GlobalSection(ExtensibilityGlobals) = postSolution
		SolutionGuid = {D1290C11-328F-40DC-845F-3FC1514F2DB5}
	EndGlobalSection
EndGlobal
