
Microsoft Visual Studio Solution File, Format Version 12.00
# Visual Studio Version 17
VisualStudioVersion = 17.8.34309.116
MinimumVisualStudioVersion = 10.0.40219.1
Project("{FAE04EC0-301F-11D3-BF4B-00C04F79EFBC}") = "HelloNetFrVeryLow", "HelloNetFrVeryLow\HelloNetFrVeryLow.csproj", "{4ED1D739-AD68-4A41-AA86-84C8F0F5A723}"
EndProject
Global
	GlobalSection(SolutionConfigurationPlatforms) = preSolution
		Debug|Any CPU = Debug|Any CPU
		Release|Any CPU = Release|Any CPU
	EndGlobalSection
	GlobalSection(ProjectConfigurationPlatforms) = postSolution
		{4ED1D739-AD68-4A41-AA86-84C8F0F5A723}.Debug|Any CPU.ActiveCfg = Debug|Any CPU
		{4ED1D739-AD68-4A41-AA86-84C8F0F5A723}.Debug|Any CPU.Build.0 = Debug|Any CPU
		{4ED1D739-AD68-4A41-AA86-84C8F0F5A723}.Release|Any CPU.ActiveCfg = Release|Any CPU
		{4ED1D739-AD68-4A41-AA86-84C8F0F5A723}.Release|Any CPU.Build.0 = Release|Any CPU
	EndGlobalSection
	GlobalSection(SolutionProperties) = preSolution
		HideSolutionNode = FALSE
	EndGlobalSection
	GlobalSection(ExtensibilityGlobals) = postSolution
		SolutionGuid = {DAEBE6EB-CBCF-4B5E-AA35-714921F0D021}
	EndGlobalSection
EndGlobal
